Microsoft Visual Studio Solution File, Format Version 12.00
# Visual Studio Version 17
VisualStudioVersion = 17.0.31903.59
MinimumVisualStudioVersion = 10.0.40219.1
Project("{2150E333-8FDC-42A3-9474-1A3956D46DE8}") = "src", "src", "{827E0CD3-B72D-47B6-A68D-7590B98EB39B}"
EndProject
Project("{FAE04EC0-301F-11D3-BF4B-00C04F79EFBC}") = "WlanRfAmpTest.Core", "src\WlanRfAmpTest.Core\WlanRfAmpTest.Core.csproj", "{6599AF8F-EF11-4215-85D1-F90668F844FF}"
EndProject
Project("{FAE04EC0-301F-11D3-BF4B-00C04F79EFBC}") = "WlanRfAmpTest.Instrument", "src\WlanRfAmpTest.Instrument\WlanRfAmpTest.Instrument.csproj", "{F4A0FA6D-A7CE-41CD-99E2-CA4C775463EF}"
EndProject
Project("{FAE04EC0-301F-11D3-BF4B-00C04F79EFBC}") = "WlanRfAmpTest.Sequencer", "src\WlanRfAmpTest.Sequencer\WlanRfAmpTest.Sequencer.csproj", "{B55E8F84-0F88-4F68-BCCA-E067209C8507}"
EndProject
Project("{FAE04EC0-301F-11D3-BF4B-00C04F79EFBC}") = "WlanRfAmpTest.ModuleRunner", "src\WlanRfAmpTest.ModuleRunner\WlanRfAmpTest.ModuleRunner.csproj", "{FBFFEBE3-B769-4B96-9927-A9F8ED83D1B4}"
EndProject
Project("{FAE04EC0-301F-11D3-BF4B-00C04F79EFBC}") = "WlanRfAmpTest.Validation", "src\WlanRfAmpTest.Validation\WlanRfAmpTest.Validation.csproj", "{10BD0E8E-7604-4ADF-9F19-8A06EA5BD144}"
EndProject
Project("{FAE04EC0-301F-11D3-BF4B-00C04F79EFBC}") = "WlanRfAmpTest.Launcher", "src\WlanRfAmpTest.Launcher\WlanRfAmpTest.Launcher.csproj", "{0D2A9BA6-AA9D-4C55-B8F9-55A06F19FE09}"
EndProject
Global
	GlobalSection(SolutionConfigurationPlatforms) = preSolution
		Debug|Any CPU = Debug|Any CPU
		Debug|x64 = Debug|x64
		Debug|x86 = Debug|x86
		Release|Any CPU = Release|Any CPU
		Release|x64 = Release|x64
		Release|x86 = Release|x86
	EndGlobalSection
	GlobalSection(ProjectConfigurationPlatforms) = postSolution
		{6599AF8F-EF11-4215-85D1-F90668F844FF}.Debug|Any CPU.ActiveCfg = Debug|x64
		{6599AF8F-EF11-4215-85D1-F90668F844FF}.Debug|Any CPU.Build.0 = Debug|x64
		{6599AF8F-EF11-4215-85D1-F90668F844FF}.Debug|x64.ActiveCfg = Debug|x64
		{6599AF8F-EF11-4215-85D1-F90668F844FF}.Debug|x64.Build.0 = Debug|x64
		{6599AF8F-EF11-4215-85D1-F90668F844FF}.Debug|x86.ActiveCfg = Debug|x64
		{6599AF8F-EF11-4215-85D1-F90668F844FF}.Debug|x86.Build.0 = Debug|x64
		{6599AF8F-EF11-4215-85D1-F90668F844FF}.Release|Any CPU.ActiveCfg = Release|x64
		{6599AF8F-EF11-4215-85D1-F90668F844FF}.Release|Any CPU.Build.0 = Release|x64
		{6599AF8F-EF11-4215-85D1-F90668F844FF}.Release|x64.ActiveCfg = Release|x64
		{6599AF8F-EF11-4215-85D1-F90668F844FF}.Release|x64.Build.0 = Release|x64
		{6599AF8F-EF11-4215-85D1-F90668F844FF}.Release|x86.ActiveCfg = Release|x64
		{6599AF8F-EF11-4215-85D1-F90668F844FF}.Release|x86.Build.0 = Release|x64
		{F4A0FA6D-A7CE-41CD-99E2-CA4C775463EF}.Debug|Any CPU.ActiveCfg = Debug|x64
		{F4A0FA6D-A7CE-41CD-99E2-CA4C775463EF}.Debug|Any CPU.Build.0 = Debug|x64
		{F4A0FA6D-A7CE-41CD-99E2-CA4C775463EF}.Debug|x64.ActiveCfg = Debug|x64
		{F4A0FA6D-A7CE-41CD-99E2-CA4C775463EF}.Debug|x64.Build.0 = Debug|x64
		{F4A0FA6D-A7CE-41CD-99E2-CA4C775463EF}.Debug|x86.ActiveCfg = Debug|x64
		{F4A0FA6D-A7CE-41CD-99E2-CA4C775463EF}.Debug|x86.Build.0 = Debug|x64
		{F4A0FA6D-A7CE-41CD-99E2-CA4C775463EF}.Release|Any CPU.ActiveCfg = Release|x64
		{F4A0FA6D-A7CE-41CD-99E2-CA4C775463EF}.Release|Any CPU.Build.0 = Release|x64
		{F4A0FA6D-A7CE-41CD-99E2-CA4C775463EF}.Release|x64.ActiveCfg = Release|x64
		{F4A0FA6D-A7CE-41CD-99E2-CA4C775463EF}.Release|x64.Build.0 = Release|x64
		{F4A0FA6D-A7CE-41CD-99E2-CA4C775463EF}.Release|x86.ActiveCfg = Release|x64
		{F4A0FA6D-A7CE-41CD-99E2-CA4C775463EF}.Release|x86.Build.0 = Release|x64
		{B55E8F84-0F88-4F68-BCCA-E067209C8507}.Debug|Any CPU.ActiveCfg = Debug|x64
		{B55E8F84-0F88-4F68-BCCA-E067209C8507}.Debug|Any CPU.Build.0 = Debug|x64
		{B55E8F84-0F88-4F68-BCCA-E067209C8507}.Debug|x64.ActiveCfg = Debug|x64
		{B55E8F84-0F88-4F68-BCCA-E067209C8507}.Debug|x64.Build.0 = Debug|x64
		{B55E8F84-0F88-4F68-BCCA-E067209C8507}.Debug|x86.ActiveCfg = Debug|x64
		{B55E8F84-0F88-4F68-BCCA-E067209C8507}.Debug|x86.Build.0 = Debug|x64
		{B55E8F84-0F88-4F68-BCCA-E067209C8507}.Release|Any CPU.ActiveCfg = Release|x64
		{B55E8F84-0F88-4F68-BCCA-E067209C8507}.Release|Any CPU.Build.0 = Release|x64
		{B55E8F84-0F88-4F68-BCCA-E067209C8507}.Release|x64.ActiveCfg = Release|x64
		{B55E8F84-0F88-4F68-BCCA-E067209C8507}.Release|x64.Build.0 = Release|x64
		{B55E8F84-0F88-4F68-BCCA-E067209C8507}.Release|x86.ActiveCfg = Release|x64
		{B55E8F84-0F88-4F68-BCCA-E067209C8507}.Release|x86.Build.0 = Release|x64
		{FBFFEBE3-B769-4B96-9927-A9F8ED83D1B4}.Debug|Any CPU.ActiveCfg = Debug|x64
		{FBFFEBE3-B769-4B96-9927-A9F8ED83D1B4}.Debug|Any CPU.Build.0 = Debug|x64
		{FBFFEBE3-B769-4B96-9927-A9F8ED83D1B4}.Debug|x64.ActiveCfg = Debug|x64
		{FBFFEBE3-B769-4B96-9927-A9F8ED83D1B4}.Debug|x64.Build.0 = Debug|x64
		{FBFFEBE3-B769-4B96-9927-A9F8ED83D1B4}.Debug|x86.ActiveCfg = Debug|x64
		{FBFFEBE3-B769-4B96-9927-A9F8ED83D1B4}.Debug|x86.Build.0 = Debug|x64
		{FBFFEBE3-B769-4B96-9927-A9F8ED83D1B4}.Release|Any CPU.ActiveCfg = Release|x64
		{FBFFEBE3-B769-4B96-9927-A9F8ED83D1B4}.Release|Any CPU.Build.0 = Release|x64
		{FBFFEBE3-B769-4B96-9927-A9F8ED83D1B4}.Release|x64.ActiveCfg = Release|x64
		{FBFFEBE3-B769-4B96-9927-A9F8ED83D1B4}.Release|x64.Build.0 = Release|x64
		{FBFFEBE3-B769-4B96-9927-A9F8ED83D1B4}.Release|x86.ActiveCfg = Release|x64
		{FBFFEBE3-B769-4B96-9927-A9F8ED83D1B4}.Release|x86.Build.0 = Release|x64
		{10BD0E8E-7604-4ADF-9F19-8A06EA5BD144}.Debug|Any CPU.ActiveCfg = Debug|x64
		{10BD0E8E-7604-4ADF-9F19-8A06EA5BD144}.Debug|Any CPU.Build.0 = Debug|x64
		{10BD0E8E-7604-4ADF-9F19-8A06EA5BD144}.Debug|x64.ActiveCfg = Debug|x64
		{10BD0E8E-7604-4ADF-9F19-8A06EA5BD144}.Debug|x64.Build.0 = Debug|x64
		{10BD0E8E-7604-4ADF-9F19-8A06EA5BD144}.Debug|x86.ActiveCfg = Debug|x64
		{10BD0E8E-7604-4ADF-9F19-8A06EA5BD144}.Debug|x86.Build.0 = Debug|x64
		{10BD0E8E-7604-4ADF-9F19-8A06EA5BD144}.Release|Any CPU.ActiveCfg = Release|x64
		{10BD0E8E-7604-4ADF-9F19-8A06EA5BD144}.Release|Any CPU.Build.0 = Release|x64
		{10BD0E8E-7604-4ADF-9F19-8A06EA5BD144}.Release|x64.ActiveCfg = Release|x64
		{10BD0E8E-7604-4ADF-9F19-8A06EA5BD144}.Release|x64.Build.0 = Release|x64
		{10BD0E8E-7604-4ADF-9F19-8A06EA5BD144}.Release|x86.ActiveCfg = Release|x64
		{10BD0E8E-7604-4ADF-9F19-8A06EA5BD144}.Release|x86.Build.0 = Release|x64
		{0D2A9BA6-AA9D-4C55-B8F9-55A06F19FE09}.Debug|Any CPU.ActiveCfg = Debug|x64
		{0D2A9BA6-AA9D-4C55-B8F9-55A06F19FE09}.Debug|Any CPU.Build.0 = Debug|x64
		{0D2A9BA6-AA9D-4C55-B8F9-55A06F19FE09}.Debug|x64.ActiveCfg = Debug|x64
		{0D2A9BA6-AA9D-4C55-B8F9-55A06F19FE09}.Debug|x64.Build.0 = Debug|x64
		{0D2A9BA6-AA9D-4C55-B8F9-55A06F19FE09}.Debug|x86.ActiveCfg = Debug|x64
		{0D2A9BA6-AA9D-4C55-B8F9-55A06F19FE09}.Debug|x86.Build.0 = Debug|x64
		{0D2A9BA6-AA9D-4C55-B8F9-55A06F19FE09}.Release|Any CPU.ActiveCfg = Release|x64
		{0D2A9BA6-AA9D-4C55-B8F9-55A06F19FE09}.Release|Any CPU.Build.0 = Release|x64
		{0D2A9BA6-AA9D-4C55-B8F9-55A06F19FE09}.Release|x64.ActiveCfg = Release|x64
		{0D2A9BA6-AA9D-4C55-B8F9-55A06F19FE09}.Release|x64.Build.0 = Release|x64
		{0D2A9BA6-AA9D-4C55-B8F9-55A06F19FE09}.Release|x86.ActiveCfg = Release|x64
		{0D2A9BA6-AA9D-4C55-B8F9-55A06F19FE09}.Release|x86.Build.0 = Release|x64
	EndGlobalSection
	GlobalSection(SolutionProperties) = preSolution
		HideSolutionNode = FALSE
	EndGlobalSection
	GlobalSection(NestedProjects) = preSolution
		{6599AF8F-EF11-4215-85D1-F90668F844FF} = {827E0CD3-B72D-47B6-A68D-7590B98EB39B}
		{F4A0FA6D-A7CE-41CD-99E2-CA4C775463EF} = {827E0CD3-B72D-47B6-A68D-7590B98EB39B}
		{B55E8F84-0F88-4F68-BCCA-E067209C8507} = {827E0CD3-B72D-47B6-A68D-7590B98EB39B}
		{FBFFEBE3-B769-4B96-9927-A9F8ED83D1B4} = {827E0CD3-B72D-47B6-A68D-7590B98EB39B}
		{10BD0E8E-7604-4ADF-9F19-8A06EA5BD144} = {827E0CD3-B72D-47B6-A68D-7590B98EB39B}
		{0D2A9BA6-AA9D-4C55-B8F9-55A06F19FE09} = {827E0CD3-B72D-47B6-A68D-7590B98EB39B}
	EndGlobalSection
EndGlobal
